
Microsoft Visual Studio Solution File, Format Version 12.00
# Visual Studio Version 17
VisualStudioVersion = 17.8.34525.116
MinimumVisualStudioVersion = 10.0.40219.1

# ============================================================================
# PerplexityXPC Solution
# Local AI broker for Perplexity API and MCP servers.
# ============================================================================

# --- Core Projects ---

Project("{FAE04EC0-301F-11D3-BF4B-00C04F79EFBC}") = "PerplexityXPC.Service", "src\PerplexityXPC.Service\PerplexityXPC.Service.csproj", "{A1B2C3D4-E5F6-7890-ABCD-EF1234567801}"
EndProject

Project("{FAE04EC0-301F-11D3-BF4B-00C04F79EFBC}") = "PerplexityXPC.Tray", "src\PerplexityXPC.Tray\PerplexityXPC.Tray.csproj", "{A1B2C3D4-E5F6-7890-ABCD-EF1234567802}"
EndProject

Project("{FAE04EC0-301F-11D3-BF4B-00C04F79EFBC}") = "PerplexityXPC.ContextMenu", "src\PerplexityXPC.ContextMenu\PerplexityXPC.ContextMenu.csproj", "{A1B2C3D4-E5F6-7890-ABCD-EF1234567803}"
EndProject

# --- Solution Folders ---

Project("{2150E333-8FDC-42A3-9474-1A3956D46DE8}") = "scripts", "scripts", "{A1B2C3D4-E5F6-7890-ABCD-EF1234567900}"
	ProjectSection(SolutionItems) = preProject
		scripts\Build-PerplexityXPC.ps1 = scripts\Build-PerplexityXPC.ps1
		scripts\Install-PerplexityXPC.ps1 = scripts\Install-PerplexityXPC.ps1
		scripts\Uninstall-PerplexityXPC.ps1 = scripts\Uninstall-PerplexityXPC.ps1
		scripts\Register-ContextMenu.ps1 = scripts\Register-ContextMenu.ps1
	EndProjectSection
EndProject

Project("{2150E333-8FDC-42A3-9474-1A3956D46DE8}") = "config", "config", "{A1B2C3D4-E5F6-7890-ABCD-EF1234567901}"
	ProjectSection(SolutionItems) = preProject
		config\appsettings.template.json = config\appsettings.template.json
		config\mcp-servers.template.json = config\mcp-servers.template.json
	EndProjectSection
EndProject

Global
	GlobalSection(SolutionConfigurationPlatforms) = preSolution
		Debug|Any CPU = Debug|Any CPU
		Debug|x64 = Debug|x64
		Release|Any CPU = Release|Any CPU
		Release|x64 = Release|x64
	EndGlobalSection

	GlobalSection(ProjectConfigurationPlatforms) = postSolution
		# PerplexityXPC.Service
		{A1B2C3D4-E5F6-7890-ABCD-EF1234567801}.Debug|Any CPU.ActiveCfg = Debug|Any CPU
		{A1B2C3D4-E5F6-7890-ABCD-EF1234567801}.Debug|Any CPU.Build.0 = Debug|Any CPU
		{A1B2C3D4-E5F6-7890-ABCD-EF1234567801}.Debug|x64.ActiveCfg = Debug|x64
		{A1B2C3D4-E5F6-7890-ABCD-EF1234567801}.Debug|x64.Build.0 = Debug|x64
		{A1B2C3D4-E5F6-7890-ABCD-EF1234567801}.Release|Any CPU.ActiveCfg = Release|Any CPU
		{A1B2C3D4-E5F6-7890-ABCD-EF1234567801}.Release|Any CPU.Build.0 = Release|Any CPU
		{A1B2C3D4-E5F6-7890-ABCD-EF1234567801}.Release|x64.ActiveCfg = Release|x64
		{A1B2C3D4-E5F6-7890-ABCD-EF1234567801}.Release|x64.Build.0 = Release|x64

		# PerplexityXPC.Tray
		{A1B2C3D4-E5F6-7890-ABCD-EF1234567802}.Debug|Any CPU.ActiveCfg = Debug|Any CPU
		{A1B2C3D4-E5F6-7890-ABCD-EF1234567802}.Debug|Any CPU.Build.0 = Debug|Any CPU
		{A1B2C3D4-E5F6-7890-ABCD-EF1234567802}.Debug|x64.ActiveCfg = Debug|x64
		{A1B2C3D4-E5F6-7890-ABCD-EF1234567802}.Debug|x64.Build.0 = Debug|x64
		{A1B2C3D4-E5F6-7890-ABCD-EF1234567802}.Release|Any CPU.ActiveCfg = Release|Any CPU
		{A1B2C3D4-E5F6-7890-ABCD-EF1234567802}.Release|Any CPU.Build.0 = Release|Any CPU
		{A1B2C3D4-E5F6-7890-ABCD-EF1234567802}.Release|x64.ActiveCfg = Release|x64
		{A1B2C3D4-E5F6-7890-ABCD-EF1234567802}.Release|x64.Build.0 = Release|x64

		# PerplexityXPC.ContextMenu
		{A1B2C3D4-E5F6-7890-ABCD-EF1234567803}.Debug|Any CPU.ActiveCfg = Debug|Any CPU
		{A1B2C3D4-E5F6-7890-ABCD-EF1234567803}.Debug|Any CPU.Build.0 = Debug|Any CPU
		{A1B2C3D4-E5F6-7890-ABCD-EF1234567803}.Debug|x64.ActiveCfg = Debug|x64
		{A1B2C3D4-E5F6-7890-ABCD-EF1234567803}.Debug|x64.Build.0 = Debug|x64
		{A1B2C3D4-E5F6-7890-ABCD-EF1234567803}.Release|Any CPU.ActiveCfg = Release|Any CPU
		{A1B2C3D4-E5F6-7890-ABCD-EF1234567803}.Release|Any CPU.Build.0 = Release|Any CPU
		{A1B2C3D4-E5F6-7890-ABCD-EF1234567803}.Release|x64.ActiveCfg = Release|x64
		{A1B2C3D4-E5F6-7890-ABCD-EF1234567803}.Release|x64.Build.0 = Release|x64
	EndGlobalSection

	GlobalSection(SolutionProperties) = preSolution
		HideSolutionNode = FALSE
	EndGlobalSection

	GlobalSection(ExtensibilityGlobals) = postSolution
		SolutionGuid = {B9F5E2A1-C4D3-4E87-9F01-2A3B4C5D6E7F}
	EndGlobalSection
EndGlobal
